// !$*UTF8*$!
{
	archiveVersion = 1;
	classes = {
	};
	objectVersion = 50;
	objects = {

/* Begin PBXBuildFile section */
		0A002F6A21B410440043D0E3 /* HubViewModel.swift in Sources */ = {isa = PBXBuildFile; fileRef = 0A002F6921B410440043D0E3 /* HubViewModel.swift */; };
		0A002F6C21B410700043D0E3 /* HubViewModelProtocol.swift in Sources */ = {isa = PBXBuildFile; fileRef = 0A002F6B21B4106F0043D0E3 /* HubViewModelProtocol.swift */; };
		0A002F6E21B4131A0043D0E3 /* MqttProviderDelegate.swift in Sources */ = {isa = PBXBuildFile; fileRef = 0A002F6D21B4131A0043D0E3 /* MqttProviderDelegate.swift */; };
		0A307ED021B32EAD00B0C9CC /* MqttProvider.swift in Sources */ = {isa = PBXBuildFile; fileRef = 0A307ECF21B32EAD00B0C9CC /* MqttProvider.swift */; };
		150F9B7E21B316EF006C33D1 /* AppDelegate.swift in Sources */ = {isa = PBXBuildFile; fileRef = 150F9B7D21B316EF006C33D1 /* AppDelegate.swift */; };
		150F9B8021B316EF006C33D1 /* ViewController.swift in Sources */ = {isa = PBXBuildFile; fileRef = 150F9B7F21B316EF006C33D1 /* ViewController.swift */; };
		150F9B8321B316EF006C33D1 /* Main.storyboard in Resources */ = {isa = PBXBuildFile; fileRef = 150F9B8121B316EF006C33D1 /* Main.storyboard */; };
		150F9B8521B316F0006C33D1 /* Assets.xcassets in Resources */ = {isa = PBXBuildFile; fileRef = 150F9B8421B316F0006C33D1 /* Assets.xcassets */; };
		150F9B8821B316F0006C33D1 /* LaunchScreen.storyboard in Resources */ = {isa = PBXBuildFile; fileRef = 150F9B8621B316F0006C33D1 /* LaunchScreen.storyboard */; };
		701C1E526DCAB2D81799173F /* Pods_bikeMqtt.framework in Frameworks */ = {isa = PBXBuildFile; fileRef = 052C923E551B01DF8E6572C6 /* Pods_bikeMqtt.framework */; };
/* End PBXBuildFile section */

/* Begin PBXFileReference section */
		052C923E551B01DF8E6572C6 /* Pods_bikeMqtt.framework */ = {isa = PBXFileReference; explicitFileType = wrapper.framework; includeInIndex = 0; path = Pods_bikeMqtt.framework; sourceTree = BUILT_PRODUCTS_DIR; };
		0A002F6921B410440043D0E3 /* HubViewModel.swift */ = {isa = PBXFileReference; lastKnownFileType = sourcecode.swift; path = HubViewModel.swift; sourceTree = "<group>"; };
		0A002F6B21B4106F0043D0E3 /* HubViewModelProtocol.swift */ = {isa = PBXFileReference; lastKnownFileType = sourcecode.swift; path = HubViewModelProtocol.swift; sourceTree = "<group>"; };
		0A002F6D21B4131A0043D0E3 /* MqttProviderDelegate.swift */ = {isa = PBXFileReference; lastKnownFileType = sourcecode.swift; path = MqttProviderDelegate.swift; sourceTree = "<group>"; };
		0A307ECF21B32EAD00B0C9CC /* MqttProvider.swift */ = {isa = PBXFileReference; lastKnownFileType = sourcecode.swift; path = MqttProvider.swift; sourceTree = "<group>"; };
		150F9B7A21B316EF006C33D1 /* bikeMqtt.app */ = {isa = PBXFileReference; explicitFileType = wrapper.application; includeInIndex = 0; path = bikeMqtt.app; sourceTree = BUILT_PRODUCTS_DIR; };
		150F9B7D21B316EF006C33D1 /* AppDelegate.swift */ = {isa = PBXFileReference; lastKnownFileType = sourcecode.swift; path = AppDelegate.swift; sourceTree = "<group>"; };
		150F9B7F21B316EF006C33D1 /* ViewController.swift */ = {isa = PBXFileReference; lastKnownFileType = sourcecode.swift; path = ViewController.swift; sourceTree = "<group>"; };
		150F9B8221B316EF006C33D1 /* Base */ = {isa = PBXFileReference; lastKnownFileType = file.storyboard; name = Base; path = Base.lproj/Main.storyboard; sourceTree = "<group>"; };
		150F9B8421B316F0006C33D1 /* Assets.xcassets */ = {isa = PBXFileReference; lastKnownFileType = folder.assetcatalog; path = Assets.xcassets; sourceTree = "<group>"; };
		150F9B8721B316F0006C33D1 /* Base */ = {isa = PBXFileReference; lastKnownFileType = file.storyboard; name = Base; path = Base.lproj/LaunchScreen.storyboard; sourceTree = "<group>"; };
		150F9B8921B316F0006C33D1 /* Info.plist */ = {isa = PBXFileReference; lastKnownFileType = text.plist.xml; path = Info.plist; sourceTree = "<group>"; };
		760FC318F8E7B99641608184 /* Pods-bikeMqtt.debug.xcconfig */ = {isa = PBXFileReference; includeInIndex = 1; lastKnownFileType = text.xcconfig; name = "Pods-bikeMqtt.debug.xcconfig"; path = "Pods/Target Support Files/Pods-bikeMqtt/Pods-bikeMqtt.debug.xcconfig"; sourceTree = "<group>"; };
		77CA7A56AB471A0436D25D4B /* Pods-bikeMqtt.release.xcconfig */ = {isa = PBXFileReference; includeInIndex = 1; lastKnownFileType = text.xcconfig; name = "Pods-bikeMqtt.release.xcconfig"; path = "Pods/Target Support Files/Pods-bikeMqtt/Pods-bikeMqtt.release.xcconfig"; sourceTree = "<group>"; };
/* End PBXFileReference section */

/* Begin PBXFrameworksBuildPhase section */
		150F9B7721B316EF006C33D1 /* Frameworks */ = {
			isa = PBXFrameworksBuildPhase;
			buildActionMask = 2147483647;
			files = (
				701C1E526DCAB2D81799173F /* Pods_bikeMqtt.framework in Frameworks */,
			);
			runOnlyForDeploymentPostprocessing = 0;
		};
/* End PBXFrameworksBuildPhase section */

/* Begin PBXGroup section */
		150F9B7121B316EF006C33D1 = {
			isa = PBXGroup;
			children = (
				150F9B7C21B316EF006C33D1 /* bikeMqtt */,
				150F9B7B21B316EF006C33D1 /* Products */,
				8242685A1587E6D362B74596 /* Pods */,
				272CC95368F78446D8B6BAB5 /* Frameworks */,
			);
			sourceTree = "<group>";
		};
		150F9B7B21B316EF006C33D1 /* Products */ = {
			isa = PBXGroup;
			children = (
				150F9B7A21B316EF006C33D1 /* bikeMqtt.app */,
			);
			name = Products;
			sourceTree = "<group>";
		};
		150F9B7C21B316EF006C33D1 /* bikeMqtt */ = {
			isa = PBXGroup;
			children = (
				150F9B7D21B316EF006C33D1 /* AppDelegate.swift */,
				150F9B7F21B316EF006C33D1 /* ViewController.swift */,
				0A002F6921B410440043D0E3 /* HubViewModel.swift */,
				0A002F6B21B4106F0043D0E3 /* HubViewModelProtocol.swift */,
				0A307ECF21B32EAD00B0C9CC /* MqttProvider.swift */,
				0A002F6D21B4131A0043D0E3 /* MqttProviderDelegate.swift */,
				150F9B8121B316EF006C33D1 /* Main.storyboard */,
				150F9B8421B316F0006C33D1 /* Assets.xcassets */,
				150F9B8621B316F0006C33D1 /* LaunchScreen.storyboard */,
				150F9B8921B316F0006C33D1 /* Info.plist */,
			);
			path = bikeMqtt;
			sourceTree = "<group>";
		};
		272CC95368F78446D8B6BAB5 /* Frameworks */ = {
			isa = PBXGroup;
			children = (
				052C923E551B01DF8E6572C6 /* Pods_bikeMqtt.framework */,
			);
			name = Frameworks;
			sourceTree = "<group>";
		};
		8242685A1587E6D362B74596 /* Pods */ = {
			isa = PBXGroup;
			children = (
				760FC318F8E7B99641608184 /* Pods-bikeMqtt.debug.xcconfig */,
				77CA7A56AB471A0436D25D4B /* Pods-bikeMqtt.release.xcconfig */,
			);
			name = Pods;
			sourceTree = "<group>";
		};
/* End PBXGroup section */

/* Begin PBXNativeTarget section */
		150F9B7921B316EF006C33D1 /* bikeMqtt */ = {
			isa = PBXNativeTarget;
			buildConfigurationList = 150F9B8C21B316F0006C33D1 /* Build configuration list for PBXNativeTarget "bikeMqtt" */;
			buildPhases = (
				D2D636B5D178F681572035A0 /* [CP] Check Pods Manifest.lock */,
				150F9B7621B316EF006C33D1 /* Sources */,
				150F9B7721B316EF006C33D1 /* Frameworks */,
				150F9B7821B316EF006C33D1 /* Resources */,
				55E0712A4CAA0F9139504BE3 /* [CP] Embed Pods Frameworks */,
			);
			buildRules = (
			);
			dependencies = (
			);
			name = bikeMqtt;
			productName = bikeMqtt;
			productReference = 150F9B7A21B316EF006C33D1 /* bikeMqtt.app */;
			productType = "com.apple.product-type.application";
		};
/* End PBXNativeTarget section */

/* Begin PBXProject section */
		150F9B7221B316EF006C33D1 /* Project object */ = {
			isa = PBXProject;
			attributes = {
				LastSwiftUpdateCheck = 1010;
				LastUpgradeCheck = 1010;
				ORGANIZATIONNAME = "vinicius emanuel";
				TargetAttributes = {
					150F9B7921B316EF006C33D1 = {
						CreatedOnToolsVersion = 10.1;
					};
				};
			};
			buildConfigurationList = 150F9B7521B316EF006C33D1 /* Build configuration list for PBXProject "bikeMqtt" */;
			compatibilityVersion = "Xcode 9.3";
			developmentRegion = en;
			hasScannedForEncodings = 0;
			knownRegions = (
				en,
				Base,
			);
			mainGroup = 150F9B7121B316EF006C33D1;
			productRefGroup = 150F9B7B21B316EF006C33D1 /* Products */;
			projectDirPath = "";
			projectRoot = "";
			targets = (
				150F9B7921B316EF006C33D1 /* bikeMqtt */,
			);
		};
/* End PBXProject section */

/* Begin PBXResourcesBuildPhase section */
		150F9B7821B316EF006C33D1 /* Resources */ = {
			isa = PBXResourcesBuildPhase;
			buildActionMask = 2147483647;
			files = (
				150F9B8821B316F0006C33D1 /* LaunchScreen.storyboard in Resources */,
				150F9B8521B316F0006C33D1 /* Assets.xcassets in Resources */,
				150F9B8321B316EF006C33D1 /* Main.storyboard in Resources */,
			);
			runOnlyForDeploymentPostprocessing = 0;
		};
/* End PBXResourcesBuildPhase section */

/* Begin PBXShellScriptBuildPhase section */
		55E0712A4CAA0F9139504BE3 /* [CP] Embed Pods Frameworks */ = {
			isa = PBXShellScriptBuildPhase;
			buildActionMask = 2147483647;
			files = (
			);
			inputFileListPaths = (
			);
			inputPaths = (
				"${SRCROOT}/Pods/Target Support Files/Pods-bikeMqtt/Pods-bikeMqtt-frameworks.sh",
				"${BUILT_PRODUCTS_DIR}/CocoaAsyncSocket/CocoaAsyncSocket.framework",
				"${BUILT_PRODUCTS_DIR}/CocoaMQTT/CocoaMQTT.framework",
			);
			name = "[CP] Embed Pods Frameworks";
			outputFileListPaths = (
			);
			outputPaths = (
				"${TARGET_BUILD_DIR}/${FRAMEWORKS_FOLDER_PATH}/CocoaAsyncSocket.framework",
				"${TARGET_BUILD_DIR}/${FRAMEWORKS_FOLDER_PATH}/CocoaMQTT.framework",
			);
			runOnlyForDeploymentPostprocessing = 0;
			shellPath = /bin/sh;
			shellScript = "\"${SRCROOT}/Pods/Target Support Files/Pods-bikeMqtt/Pods-bikeMqtt-frameworks.sh\"\n";
			showEnvVarsInLog = 0;
		};
		D2D636B5D178F681572035A0 /* [CP] Check Pods Manifest.lock */ = {
			isa = PBXShellScriptBuildPhase;
			buildActionMask = 2147483647;
			files = (
			);
			inputFileListPaths = (
			);
			inputPaths = (
				"${PODS_PODFILE_DIR_PATH}/Podfile.lock",
				"${PODS_ROOT}/Manifest.lock",
			);
			name = "[CP] Check Pods Manifest.lock";
			outputFileListPaths = (
			);
			outputPaths = (
				"$(DERIVED_FILE_DIR)/Pods-bikeMqtt-checkManifestLockResult.txt",
			);
			runOnlyForDeploymentPostprocessing = 0;
			shellPath = /bin/sh;
			shellScript = "diff \"${PODS_PODFILE_DIR_PATH}/Podfile.lock\" \"${PODS_ROOT}/Manifest.lock\" > /dev/null\nif [ $? != 0 ] ; then\n    # print error to STDERR\n    echo \"error: The sandbox is not in sync with the Podfile.lock. Run 'pod install' or update your CocoaPods installation.\" >&2\n    exit 1\nfi\n# This output is used by Xcode 'outputs' to avoid re-running this script phase.\necho \"SUCCESS\" > \"${SCRIPT_OUTPUT_FILE_0}\"\n";
			showEnvVarsInLog = 0;
		};
/* End PBXShellScriptBuildPhase section */

/* Begin PBXSourcesBuildPhase section */
		150F9B7621B316EF006C33D1 /* Sources */ = {
			isa = PBXSourcesBuildPhase;
			buildActionMask = 2147483647;
			files = (
				0A002F6C21B410700043D0E3 /* HubViewModelProtocol.swift in Sources */,
				0A002F6A21B410440043D0E3 /* HubViewModel.swift in Sources */,
				150F9B8021B316EF006C33D1 /* ViewController.swift in Sources */,
				0A002F6E21B4131A0043D0E3 /* MqttProviderDelegate.swift in Sources */,
				0A307ED021B32EAD00B0C9CC /* MqttProvider.swift in Sources */,
				150F9B7E21B316EF006C33D1 /* AppDelegate.swift in Sources */,
			);
			runOnlyForDeploymentPostprocessing = 0;
		};
/* End PBXSourcesBuildPhase section */

/* Begin PBXVariantGroup section */
		150F9B8121B316EF006C33D1 /* Main.storyboard */ = {
			isa = PBXVariantGroup;
			children = (
				150F9B8221B316EF006C33D1 /* Base */,
			);
			name = Main.storyboard;
			sourceTree = "<group>";
		};
		150F9B8621B316F0006C33D1 /* LaunchScreen.storyboard */ = {
			isa = PBXVariantGroup;
			children = (
				150F9B8721B316F0006C33D1 /* Base */,
			);
			name = LaunchScreen.storyboard;
			sourceTree = "<group>";
		};
/* End PBXVariantGroup section */

/* Begin XCBuildConfiguration section */
		150F9B8A21B316F0006C33D1 /* Debug */ = {
			isa = XCBuildConfiguration;
			buildSettings = {
				ALWAYS_SEARCH_USER_PATHS = NO;
				CLANG_ANALYZER_NONNULL = YES;
				CLANG_ANALYZER_NUMBER_OBJECT_CONVERSION = YES_AGGRESSIVE;
				CLANG_CXX_LANGUAGE_STANDARD = "gnu++14";
				CLANG_CXX_LIBRARY = "libc++";
				CLANG_ENABLE_MODULES = YES;
				CLANG_ENABLE_OBJC_ARC = YES;
				CLANG_ENABLE_OBJC_WEAK = YES;
				CLANG_WARN_BLOCK_CAPTURE_AUTORELEASING = YES;
				CLANG_WARN_BOOL_CONVERSION = YES;
				CLANG_WARN_COMMA = YES;
				CLANG_WARN_CONSTANT_CONVERSION = YES;
				CLANG_WARN_DEPRECATED_OBJC_IMPLEMENTATIONS = YES;
				CLANG_WARN_DIRECT_OBJC_ISA_USAGE = YES_ERROR;
				CLANG_WARN_DOCUMENTATION_COMMENTS = YES;
				CLANG_WARN_EMPTY_BODY = YES;
				CLANG_WARN_ENUM_CONVERSION = YES;
				CLANG_WARN_INFINITE_RECURSION = YES;
				CLANG_WARN_INT_CONVERSION = YES;
				CLANG_WARN_NON_LITERAL_NULL_CONVERSION = YES;
				CLANG_WARN_OBJC_IMPLICIT_RETAIN_SELF = YES;
				CLANG_WARN_OBJC_LITERAL_CONVERSION = YES;
				CLANG_WARN_OBJC_ROOT_CLASS = YES_ERROR;
				CLANG_WARN_RANGE_LOOP_ANALYSIS = YES;
				CLANG_WARN_STRICT_PROTOTYPES = YES;
				CLANG_WARN_SUSPICIOUS_MOVE = YES;
				CLANG_WARN_UNGUARDED_AVAILABILITY = YES_AGGRESSIVE;
				CLANG_WARN_UNREACHABLE_CODE = YES;
				CLANG_WARN__DUPLICATE_METHOD_MATCH = YES;
				CODE_SIGN_IDENTITY = "iPhone Developer";
				COPY_PHASE_STRIP = NO;
				DEBUG_INFORMATION_FORMAT = dwarf;
				ENABLE_STRICT_OBJC_MSGSEND = YES;
				ENABLE_TESTABILITY = YES;
				GCC_C_LANGUAGE_STANDARD = gnu11;
				GCC_DYNAMIC_NO_PIC = NO;
				GCC_NO_COMMON_BLOCKS = YES;
				GCC_OPTIMIZATION_LEVEL = 0;
				GCC_PREPROCESSOR_DEFINITIONS = (
					"DEBUG=1",
					"$(inherited)",
				);
				GCC_WARN_64_TO_32_BIT_CONVERSION = YES;
				GCC_WARN_ABOUT_RETURN_TYPE = YES_ERROR;
				GCC_WARN_UNDECLARED_SELECTOR = YES;
				GCC_WARN_UNINITIALIZED_AUTOS = YES_AGGRESSIVE;
				GCC_WARN_UNUSED_FUNCTION = YES;
				GCC_WARN_UNUSED_VARIABLE = YES;
				IPHONEOS_DEPLOYMENT_TARGET = 12.1;
				MTL_ENABLE_DEBUG_INFO = INCLUDE_SOURCE;
				MTL_FAST_MATH = YES;
				ONLY_ACTIVE_ARCH = YES;
				SDKROOT = iphoneos;
				SWIFT_ACTIVE_COMPILATION_CONDITIONS = DEBUG;
				SWIFT_OPTIMIZATION_LEVEL = "-Onone";
			};
			name = Debug;
		};
		150F9B8B21B316F0006C33D1 /* Release */ = {
			isa = XCBuildConfiguration;
			buildSettings = {
				ALWAYS_SEARCH_USER_PATHS = NO;
				CLANG_ANALYZER_NONNULL = YES;
				CLANG_ANALYZER_NUMBER_OBJECT_CONVERSION = YES_AGGRESSIVE;
				CLANG_CXX_LANGUAGE_STANDARD = "gnu++14";
				CLANG_CXX_LIBRARY = "libc++";
				CLANG_ENABLE_MODULES = YES;
				CLANG_ENABLE_OBJC_ARC = YES;
				CLANG_ENABLE_OBJC_WEAK = YES;
				CLANG_WARN_BLOCK_CAPTURE_AUTORELEASING = YES;
				CLANG_WARN_BOOL_CONVERSION = YES;
				CLANG_WARN_COMMA = YES;
				CLANG_WARN_CONSTANT_CONVERSION = YES;
				CLANG_WARN_DEPRECATED_OBJC_IMPLEMENTATIONS = YES;
				CLANG_WARN_DIRECT_OBJC_ISA_USAGE = YES_ERROR;
				CLANG_WARN_DOCUMENTATION_COMMENTS = YES;
				CLANG_WARN_EMPTY_BODY = YES;
				CLANG_WARN_ENUM_CONVERSION = YES;
				CLANG_WARN_INFINITE_RECURSION = YES;
				CLANG_WARN_INT_CONVERSION = YES;
				CLANG_WARN_NON_LITERAL_NULL_CONVERSION = YES;
				CLANG_WARN_OBJC_IMPLICIT_RETAIN_SELF = YES;
				CLANG_WARN_OBJC_LITERAL_CONVERSION = YES;
				CLANG_WARN_OBJC_ROOT_CLASS = YES_ERROR;
				CLANG_WARN_RANGE_LOOP_ANALYSIS = YES;
				CLANG_WARN_STRICT_PROTOTYPES = YES;
				CLANG_WARN_SUSPICIOUS_MOVE = YES;
				CLANG_WARN_UNGUARDED_AVAILABILITY = YES_AGGRESSIVE;
				CLANG_WARN_UNREACHABLE_CODE = YES;
				CLANG_WARN__DUPLICATE_METHOD_MATCH = YES;
				CODE_SIGN_IDENTITY = "iPhone Developer";
				COPY_PHASE_STRIP = NO;
				DEBUG_INFORMATION_FORMAT = "dwarf-with-dsym";
				ENABLE_NS_ASSERTIONS = NO;
				ENABLE_STRICT_OBJC_MSGSEND = YES;
				GCC_C_LANGUAGE_STANDARD = gnu11;
				GCC_NO_COMMON_BLOCKS = YES;
				GCC_WARN_64_TO_32_BIT_CONVERSION = YES;
				GCC_WARN_ABOUT_RETURN_TYPE = YES_ERROR;
				GCC_WARN_UNDECLARED_SELECTOR = YES;
				GCC_WARN_UNINITIALIZED_AUTOS = YES_AGGRESSIVE;
				GCC_WARN_UNUSED_FUNCTION = YES;
				GCC_WARN_UNUSED_VARIABLE = YES;
				IPHONEOS_DEPLOYMENT_TARGET = 12.1;
				MTL_ENABLE_DEBUG_INFO = NO;
				MTL_FAST_MATH = YES;
				SDKROOT = iphoneos;
				SWIFT_COMPILATION_MODE = wholemodule;
				SWIFT_OPTIMIZATION_LEVEL = "-O";
				VALIDATE_PRODUCT = YES;
			};
			name = Release;
		};
		150F9B8D21B316F0006C33D1 /* Debug */ = {
			isa = XCBuildConfiguration;
			baseConfigurationReference = 760FC318F8E7B99641608184 /* Pods-bikeMqtt.debug.xcconfig */;
			buildSettings = {
				ASSETCATALOG_COMPILER_APPICON_NAME = AppIcon;
				CODE_SIGN_STYLE = Automatic;
				DEVELOPMENT_TEAM = Y648E928RU;
				INFOPLIST_FILE = bikeMqtt/Info.plist;
				LD_RUNPATH_SEARCH_PATHS = (
					"$(inherited)",
					"@executable_path/Frameworks",
				);
				PRODUCT_BUNDLE_IDENTIFIER = home.bikeMqtt;
				PRODUCT_NAME = "$(TARGET_NAME)";
				SWIFT_VERSION = 4.2;
				TARGETED_DEVICE_FAMILY = "1,2";
			};
			name = Debug;
		};
		150F9B8E21B316F0006C33D1 /* Release */ = {
			isa = XCBuildConfiguration;
			baseConfigurationReference = 77CA7A56AB471A0436D25D4B /* Pods-bikeMqtt.release.xcconfig */;
			buildSettings = {
				ASSETCATALOG_COMPILER_APPICON_NAME = AppIcon;
				CODE_SIGN_STYLE = Automatic;
				DEVELOPMENT_TEAM = Y648E928RU;
				INFOPLIST_FILE = bikeMqtt/Info.plist;
				LD_RUNPATH_SEARCH_PATHS = (
					"$(inherited)",
					"@executable_path/Frameworks",
				);
				PRODUCT_BUNDLE_IDENTIFIER = home.bikeMqtt;
				PRODUCT_NAME = "$(TARGET_NAME)";
				SWIFT_VERSION = 4.2;
				TARGETED_DEVICE_FAMILY = "1,2";
			};
			name = Release;
		};
/* End XCBuildConfiguration section */

/* Begin XCConfigurationList section */
		150F9B7521B316EF006C33D1 /* Build configuration list for PBXProject "bikeMqtt" */ = {
			isa = XCConfigurationList;
			buildConfigurations = (
				150F9B8A21B316F0006C33D1 /* Debug */,
				150F9B8B21B316F0006C33D1 /* Release */,
			);
			defaultConfigurationIsVisible = 0;
			defaultConfigurationName = Release;
		};
		150F9B8C21B316F0006C33D1 /* Build configuration list for PBXNativeTarget "bikeMqtt" */ = {
			isa = XCConfigurationList;
			buildConfigurations = (
				150F9B8D21B316F0006C33D1 /* Debug */,
				150F9B8E21B316F0006C33D1 /* Release */,
			);
			defaultConfigurationIsVisible = 0;
			defaultConfigurationName = Release;
		};
/* End XCConfigurationList section */
	};
	rootObject = 150F9B7221B316EF006C33D1 /* Project object */;
}
