{
  "name": "hackaday",
  "version": "1.0.0",
  "lockfileVersion": 1,
  "requires": true,
  "dependencies": {
    "expressive-assertion": {
      "version": "1.5.1",
      "resolved": "https://registry.npmjs.org/expressive-assertion/-/expressive-assertion-1.5.1.tgz",
      "integrity": "sha1-VhWclVGbwwtvHvGmyEVUbSfbGg4="
    },
    "math-statistics": {
      "version": "1.2.0",
      "resolved": "https://registry.npmjs.org/math-statistics/-/math-statistics-1.2.0.tgz",
      "integrity": "sha1-HZx8iH5wlL5pPDGtxpiOkyjydHc="
    },
    "mmm-gpio": {
      "version": "3.0.2",
      "resolved": "https://registry.npmjs.org/mmm-gpio/-/mmm-gpio-3.0.2.tgz",
      "integrity": "sha1-qESoWwQk89EKmCHeUzi9/Yo56/c=",
      "requires": {
        "expressive-assertion": "~1.5.1",
        "nan": "^2.11.1",
        "typesystem": "~5.0.0"
      }
    },
    "mmm-usonic": {
      "version": "git://github.com/mochman/mmm-usonic.git#fb435999a92ca7addd949c6206223908e5496026",
      "from": "git://github.com/mochman/mmm-usonic.git#fb43599",
      "requires": {
        "expressive-assertion": "~1.5.1",
        "math-statistics": "~1.2.0",
        "mmm-gpio": "^3.0.2",
        "nan": "^2.11.1",
        "typesystem": "~5.0.0"
      }
    },
    "nan": {
      "version": "2.11.1",
      "resolved": "https://registry.npmjs.org/nan/-/nan-2.11.1.tgz",
      "integrity": "sha512-iji6k87OSXa0CcrLl9z+ZiYSuR2o+c0bGuNmXdrhTQTakxytAFsC56SArGYoiHlJlFoHSnvmhpceZJaXkVuOtA=="
    },
    "typesystem": {
      "version": "5.0.0",
      "resolved": "https://registry.npmjs.org/typesystem/-/typesystem-5.0.0.tgz",
      "integrity": "sha1-uMdO7jKKkF+xVd+MkFI6VEYbW9c="
    }
  }
}
